{
  "name": "Potify-mini-Music-Player",
  "lockfileVersion": 3,
  "requires": true,
  "packages": {
    "": {
      "dependencies": {
        "pip": "^0.0.1"
      }
    },
    "node_modules/freckle": {
      "version": "0.0.2",
      "resolved": "https://registry.npmjs.org/freckle/-/freckle-0.0.2.tgz",
      "integrity": "sha512-+x+LoiQ4IDln6qgVyXEHAvu2uD/mRqdezrbx8tpwGwvEWH2gCho4eoe3uKzV4PAzBUjtViSbYLkilMRFy69B5g==",
      "engines": {
        "node": "*"
      }
    },
    "node_modules/minimist": {
      "version": "0.0.10",
      "resolved": "https://registry.npmjs.org/minimist/-/minimist-0.0.10.tgz",
      "integrity": "sha512-iotkTvxc+TwOm5Ieim8VnSNvCDjCK9S8G3scJ50ZthspSxa7jx50jkhYduuAtAjvfDUwSgOwf8+If99AlOEhyw=="
    },
    "node_modules/optimist": {
      "version": "0.6.1",
      "resolved": "https://registry.npmjs.org/optimist/-/optimist-0.6.1.tgz",
      "integrity": "sha512-snN4O4TkigujZphWLN0E//nQmm7790RYaE53DdL7ZYwee2D8DDo9/EyYiKUfN3rneWUjhJnueija3G9I2i0h3g==",
      "dependencies": {
        "minimist": "~0.0.1",
        "wordwrap": "~0.0.2"
      }
    },
    "node_modules/pip": {
      "version": "0.0.1",
      "resolved": "https://registry.npmjs.org/pip/-/pip-0.0.1.tgz",
      "integrity": "sha512-DMoVWIlQTKcVZAnTZXt4QXPkuA9EFDUhksMOI8OLXIBq3i+W+lFCE+kr5pGDb0vy0f+WZvq0M0Pg7a8K+vNxPA==",
      "dependencies": {
        "freckle": ">= 0.0.1",
        "optimist": ">= 0.1.5"
      },
      "bin": {
        "pip": "lib/cli.js"
      },
      "engines": {
        "node": "*"
      }
    },
    "node_modules/wordwrap": {
      "version": "0.0.3",
      "resolved": "https://registry.npmjs.org/wordwrap/-/wordwrap-0.0.3.tgz",
      "integrity": "sha512-1tMA907+V4QmxV7dbRvb4/8MaRALK6q9Abid3ndMYnbyo8piisCmeONVqVSXqQA3KaP4SLt5b7ud6E2sqP8TFw==",
      "engines": {
        "node": ">=0.4.0"
      }
    }
  }
}
